{
  "nodes": {
    "HTTP": {
      "flake": false,
      "locked": {
        "lastModified": 1451647621,
        "narHash": "sha256-oHIyw3x0iKBexEo49YeUDV1k74ZtyYKGR2gNJXXRxts=",
        "owner": "phadej",
        "repo": "HTTP",
        "rev": "9bc0996d412fef1787449d841277ef663ad9a915",
        "type": "github"
      },
      "original": {
        "owner": "phadej",
        "repo": "HTTP",
        "type": "github"
      }
    },
    "cabal-32": {
      "flake": false,
      "locked": {
        "lastModified": 1603716527,
        "narHash": "sha256-sDbrmur9Zfp4mPKohCD8IDZfXJ0Tjxpmr2R+kg5PpSY=",
        "owner": "haskell",
        "repo": "cabal",
        "rev": "94aaa8e4720081f9c75497e2735b90f6a819b08e",
        "type": "github"
      },
      "original": {
        "owner": "haskell",
        "ref": "3.2",
        "repo": "cabal",
        "type": "github"
      }
    },
    "cabal-34": {
      "flake": false,
      "locked": {
        "lastModified": 1622475795,
        "narHash": "sha256-chwTL304Cav+7p38d9mcb+egABWmxo2Aq+xgVBgEb/U=",
        "owner": "haskell",
        "repo": "cabal",
        "rev": "b086c1995cdd616fc8d91f46a21e905cc50a1049",
        "type": "github"
      },
      "original": {
        "owner": "haskell",
        "ref": "3.4",
        "repo": "cabal",
        "type": "github"
      }
    },
    "cardano-addresses": {
      "inputs": {
        "haskell-nix": "haskell-nix",
        "nixpkgs": "nixpkgs",
        "utils": "utils"
      },
      "locked": {
        "lastModified": 1613363620,
        "narHash": "sha256-ESgfEsucnH9Xi3OPSETVbywGMnd4NM58QH0/hkxbfbQ=",
        "owner": "input-output-hk",
        "repo": "cardano-addresses",
        "rev": "233eb6d9a5995e2d664865fb44667251d2ae2121",
        "type": "github"
      },
      "original": {
        "owner": "input-output-hk",
        "ref": "nix-flake",
        "repo": "cardano-addresses",
        "type": "github"
      }
    },
    "cardano-node": {
      "inputs": {
        "customConfig": "customConfig",
        "haskellNix": "haskellNix",
        "iohkNix": "iohkNix",
        "nixpkgs": [
          "cardano-node",
          "haskellNix",
          "nixpkgs-2105"
        ],
        "utils": "utils_2"
      },
      "locked": {
        "lastModified": 1629911100,
        "narHash": "sha256-vXYX2KzBqVVJsPqaR9m/WpLalTkV3Y0HHMnp9jI0gl0=",
        "owner": "input-output-hk",
        "repo": "cardano-node",
        "rev": "4c59442958072657812c6c0bb8e0b4ab85ce1ba2",
        "type": "github"
      },
      "original": {
        "owner": "input-output-hk",
        "ref": "1.29.0",
        "repo": "cardano-node",
        "type": "github"
      }
    },
    "cardano-rosetta": {
      "flake": false,
      "locked": {
        "lastModified": 1630311198,
        "narHash": "sha256-Ho1eb8/vv7J62mFrXZvTJpdUDVs+wNTiRIvsgKUeeHo=",
        "owner": "input-output-hk",
        "repo": "cardano-rosetta",
        "rev": "b72793c3c69412f66db3647fa9a84a16f81b0d60",
        "type": "github"
      },
      "original": {
        "owner": "input-output-hk",
        "ref": "1.4.0",
        "repo": "cardano-rosetta",
        "type": "github"
      }
    },
    "cardano-shell": {
      "flake": false,
      "locked": {
        "lastModified": 1608537748,
        "narHash": "sha256-PulY1GfiMgKVnBci3ex4ptk2UNYMXqGjJOxcPy2KYT4=",
        "owner": "input-output-hk",
        "repo": "cardano-shell",
        "rev": "9392c75087cb9a3d453998f4230930dea3a95725",
        "type": "github"
      },
      "original": {
        "owner": "input-output-hk",
        "repo": "cardano-shell",
        "type": "github"
      }
    },
    "customConfig": {
      "locked": {
        "narHash": "sha256-NdBgwn6xJOM5j+T4ViTq+7FToInEbzvKcdOBpjQvILw=",
        "path": "./custom-config",
        "type": "path"
      },
      "original": {
        "path": "./custom-config",
        "type": "path"
      }
    },
    "flake-utils": {
      "locked": {
        "lastModified": 1623875721,
        "narHash": "sha256-A8BU7bjS5GirpAUv4QA+QnJ4CceLHkcXdRp4xITDB0s=",
        "owner": "numtide",
        "repo": "flake-utils",
        "rev": "f7e004a55b120c02ecb6219596820fcd32ca8772",
        "type": "github"
      },
      "original": {
        "owner": "numtide",
        "repo": "flake-utils",
        "type": "github"
      }
    },
    "ghc-8.6.5-iohk": {
      "flake": false,
      "locked": {
        "lastModified": 1600920045,
        "narHash": "sha256-DO6kxJz248djebZLpSzTGD6s8WRpNI9BTwUeOf5RwY8=",
        "owner": "input-output-hk",
        "repo": "ghc",
        "rev": "95713a6ecce4551240da7c96b6176f980af75cae",
        "type": "github"
      },
      "original": {
        "owner": "input-output-hk",
        "ref": "release/8.6.5-iohk",
        "repo": "ghc",
        "type": "github"
      }
    },
    "hackage": {
      "flake": false,
      "locked": {
        "lastModified": 1630458815,
        "narHash": "sha256-E1v0DZoltC1cfvoKnoOuAygd+D8zHXn/WfM4smaBp8k=",
        "owner": "input-output-hk",
        "repo": "hackage.nix",
        "rev": "a68971fee3d203180f8ec003c4d23eaad7339158",
        "type": "github"
      },
      "original": {
        "owner": "input-output-hk",
        "repo": "hackage.nix",
        "type": "github"
      }
    },
    "haskell-nix": {
      "locked": {
        "lastModified": 1611120169,
        "narHash": "sha256-ad4VJZBNu7OLrWT+QOnNhd8YevSXpYgZug3sFnAlk/Y=",
        "owner": "input-output-hk",
        "repo": "haskell.nix",
        "rev": "e6ba58f72fa787330ada12b31281bb1c87369cc3",
        "type": "github"
      },
      "original": {
        "owner": "input-output-hk",
        "repo": "haskell.nix",
        "type": "github"
      }
    },
    "haskellNix": {
      "inputs": {
        "HTTP": "HTTP",
        "cabal-32": "cabal-32",
        "cabal-34": "cabal-34",
        "cardano-shell": "cardano-shell",
        "flake-utils": "flake-utils",
        "ghc-8.6.5-iohk": "ghc-8.6.5-iohk",
        "hackage": "hackage",
        "hpc-coveralls": "hpc-coveralls",
        "nix-tools": "nix-tools",
        "nixpkgs": "nixpkgs_2",
        "nixpkgs-2003": "nixpkgs-2003",
        "nixpkgs-2009": "nixpkgs-2009",
        "nixpkgs-2105": "nixpkgs-2105",
        "nixpkgs-unstable": "nixpkgs-unstable",
        "old-ghc-nix": "old-ghc-nix",
        "stackage": "stackage"
      },
      "locked": {
        "lastModified": 1630493011,
        "narHash": "sha256-a+oBNLH4C4Kmy5aBWoBYP2NXiA2AoJbIlL/SQHsZ3oY=",
        "owner": "input-output-hk",
        "repo": "haskell.nix",
        "rev": "1f4c2c9b08f506a3419f3908f2a0c21b04f05e41",
        "type": "github"
      },
      "original": {
        "owner": "input-output-hk",
        "repo": "haskell.nix",
        "type": "github"
      }
    },
    "hpc-coveralls": {
      "flake": false,
      "locked": {
        "lastModified": 1607498076,
        "narHash": "sha256-8uqsEtivphgZWYeUo5RDUhp6bO9j2vaaProQxHBltQk=",
        "owner": "sevanspowell",
        "repo": "hpc-coveralls",
        "rev": "14df0f7d229f4cd2e79f8eabb1a740097fdfa430",
        "type": "github"
      },
      "original": {
        "owner": "sevanspowell",
        "repo": "hpc-coveralls",
        "type": "github"
      }
    },
    "iohkNix": {
      "inputs": {
        "nixpkgs": "nixpkgs_3"
      },
      "locked": {
        "lastModified": 1629993366,
        "narHash": "sha256-FNjrODWYQcZ6VRZzdmUUE3Jh3IZZ4zOwsNbPznX27G4=",
        "owner": "input-output-hk",
        "repo": "iohk-nix",
        "rev": "df1da282f996ec46b33379407df99613a1fbafdd",
        "type": "github"
      },
      "original": {
        "owner": "input-output-hk",
        "repo": "iohk-nix",
        "type": "github"
      }
    },
    "nix-tools": {
      "flake": false,
      "locked": {
        "lastModified": 1626997434,
        "narHash": "sha256-1judQmP298ao6cGUNxcGhcAXHOnA9qSLvWk/ZtoUL7w=",
        "owner": "input-output-hk",
        "repo": "nix-tools",
        "rev": "c8c5e6a6fbb12a73598d1a434984a36e880ce3cf",
        "type": "github"
      },
      "original": {
        "owner": "input-output-hk",
        "repo": "nix-tools",
        "type": "github"
      }
    },
    "nixpkgs": {
      "locked": {
        "lastModified": 1613208951,
        "narHash": "sha256-pxDu+9KZBnZkMcKBqSAqw1oQwTIbxTeIwcMtygLsWio=",
        "owner": "NixOS",
        "repo": "nixpkgs",
        "rev": "2118cf551b9944cfdb929b8ea03556f097dd0381",
        "type": "github"
      },
      "original": {
        "owner": "NixOS",
        "ref": "nixos-20.09",
        "repo": "nixpkgs",
        "type": "github"
      }
    },
    "nixpkgs-2003": {
      "locked": {
        "lastModified": 1620055814,
        "narHash": "sha256-8LEHoYSJiL901bTMVatq+rf8y7QtWuZhwwpKE2fyaRY=",
        "owner": "NixOS",
        "repo": "nixpkgs",
        "rev": "1db42b7fe3878f3f5f7a4f2dc210772fd080e205",
        "type": "github"
      },
      "original": {
        "owner": "NixOS",
        "ref": "nixpkgs-20.03-darwin",
        "repo": "nixpkgs",
        "type": "github"
      }
    },
    "nixpkgs-2009": {
      "locked": {
        "lastModified": 1624271064,
        "narHash": "sha256-qns/uRW7MR2EfVf6VEeLgCsCp7pIOjDeR44JzTF09MA=",
        "owner": "NixOS",
        "repo": "nixpkgs",
        "rev": "46d1c3f28ca991601a53e9a14fdd53fcd3dd8416",
        "type": "github"
      },
      "original": {
        "owner": "NixOS",
        "ref": "nixpkgs-20.09-darwin",
        "repo": "nixpkgs",
        "type": "github"
      }
    },
    "nixpkgs-2105": {
      "locked": {
        "lastModified": 1624291665,
        "narHash": "sha256-kNkaoa3dai9WOi7fsPklCCWZ8hRAkXx0ZUhpYKShyUk=",
        "owner": "NixOS",
        "repo": "nixpkgs",
        "rev": "3c6f3f84af60a8ed5b8a79cf3026b7630fcdefb8",
        "type": "github"
      },
      "original": {
        "owner": "NixOS",
        "ref": "nixpkgs-21.05-darwin",
        "repo": "nixpkgs",
        "type": "github"
      }
    },
    "nixpkgs-unstable": {
      "locked": {
        "lastModified": 1628785280,
        "narHash": "sha256-2B5eMrEr6O8ff2aQNeVxTB+9WrGE80OB4+oM6T7fOcc=",
        "owner": "NixOS",
        "repo": "nixpkgs",
        "rev": "6525bbc06a39f26750ad8ee0d40000ddfdc24acb",
        "type": "github"
      },
      "original": {
        "owner": "NixOS",
        "ref": "nixpkgs-unstable",
        "repo": "nixpkgs",
        "type": "github"
      }
    },
    "nixpkgs_2": {
      "locked": {
        "lastModified": 1624291665,
        "narHash": "sha256-kNkaoa3dai9WOi7fsPklCCWZ8hRAkXx0ZUhpYKShyUk=",
        "owner": "NixOS",
        "repo": "nixpkgs",
        "rev": "3c6f3f84af60a8ed5b8a79cf3026b7630fcdefb8",
        "type": "github"
      },
      "original": {
        "owner": "NixOS",
        "ref": "nixpkgs-20.09-darwin",
        "repo": "nixpkgs",
        "type": "github"
      }
    },
    "nixpkgs_3": {
      "locked": {
        "lastModified": 1630504215,
        "narHash": "sha256-MdE3AFuiRynEj2KQlRFHoTfrLA6k7+7FpdCElEONTRs=",
        "owner": "NixOS",
        "repo": "nixpkgs",
        "rev": "b3051850497c67145971ccdcaeefbb68a7367959",
        "type": "github"
      },
      "original": {
        "id": "nixpkgs",
        "type": "indirect"
      }
    },
    "old-ghc-nix": {
      "flake": false,
      "locked": {
        "lastModified": 1621819714,
        "narHash": "sha256-EJCnYQSWk7FRLwS0lZgTWIiQ6pcvDX1VuD6LGD4Uwzs=",
        "owner": "angerman",
        "repo": "old-ghc-nix",
        "rev": "f089a6f090cdb35fcf95f865fc6a31ba6b3ac4eb",
        "type": "github"
      },
      "original": {
        "owner": "angerman",
        "ref": "master2",
        "repo": "old-ghc-nix",
        "type": "github"
      }
    },
    "root": {
      "inputs": {
        "cardano-addresses": "cardano-addresses",
        "cardano-node": "cardano-node",
        "cardano-rosetta": "cardano-rosetta",
        "nixpkgs": [
          "cardano-node",
          "nixpkgs"
        ]
      }
    },
    "stackage": {
      "flake": false,
      "locked": {
        "lastModified": 1630286307,
        "narHash": "sha256-C/bbgdRqZgYVJCHyLCjhb5yjg0d+u9pidYgz8dt+a9w=",
        "owner": "input-output-hk",
        "repo": "stackage.nix",
        "rev": "b9d5092644fda4c0311675e19d0b533808610dd4",
        "type": "github"
      },
      "original": {
        "owner": "input-output-hk",
        "repo": "stackage.nix",
        "type": "github"
      }
    },
    "utils": {
      "locked": {
        "lastModified": 1610051610,
        "narHash": "sha256-U9rPz/usA1/Aohhk7Cmc2gBrEEKRzcW4nwPWMPwja4Y=",
        "owner": "numtide",
        "repo": "flake-utils",
        "rev": "3982c9903e93927c2164caa727cd3f6a0e6d14cc",
        "type": "github"
      },
      "original": {
        "owner": "numtide",
        "repo": "flake-utils",
        "type": "github"
      }
    },
    "utils_2": {
      "locked": {
        "lastModified": 1614513358,
        "narHash": "sha256-LakhOx3S1dRjnh0b5Dg3mbZyH0ToC9I8Y2wKSkBaTzU=",
        "owner": "numtide",
        "repo": "flake-utils",
        "rev": "5466c5bbece17adaab2d82fae80b46e807611bf3",
        "type": "github"
      },
      "original": {
        "owner": "numtide",
        "repo": "flake-utils",
        "type": "github"
      }
    }
  },
  "root": "root",
  "version": 7
}
