{
  "nodes": {
    "cardano-addresses": {
      "inputs": {
        "haskell-nix": "haskell-nix",
        "nixpkgs": "nixpkgs",
        "utils": "utils"
      },
      "locked": {
        "lastModified": 1613363620,
        "narHash": "sha256-ESgfEsucnH9Xi3OPSETVbywGMnd4NM58QH0/hkxbfbQ=",
        "owner": "input-output-hk",
        "repo": "cardano-addresses",
        "rev": "233eb6d9a5995e2d664865fb44667251d2ae2121",
        "type": "github"
      },
      "original": {
        "owner": "input-output-hk",
        "ref": "nix-flake",
        "repo": "cardano-addresses",
        "type": "github"
      }
    },
    "cardano-node": {
      "inputs": {
        "haskell-nix": "haskell-nix_2",
        "nixpkgs": "nixpkgs_2",
        "utils": "utils_2"
      },
      "locked": {
        "lastModified": 1613359311,
        "narHash": "sha256-EoFynUJbZhch9CV1ZTh2fJ/tK7TvKgQb2Ei8Y/PV7Gg=",
        "owner": "input-output-hk",
        "repo": "cardano-node",
        "rev": "77b45ef55234b689a64bce05d86f5adf3ed8ee84",
        "type": "github"
      },
      "original": {
        "owner": "input-output-hk",
        "ref": "nix-flake",
        "repo": "cardano-node",
        "type": "github"
      }
    },
    "haskell-nix": {
      "locked": {
        "lastModified": 1611120169,
        "narHash": "sha256-ad4VJZBNu7OLrWT+QOnNhd8YevSXpYgZug3sFnAlk/Y=",
        "owner": "input-output-hk",
        "repo": "haskell.nix",
        "rev": "e6ba58f72fa787330ada12b31281bb1c87369cc3",
        "type": "github"
      },
      "original": {
        "owner": "input-output-hk",
        "repo": "haskell.nix",
        "type": "github"
      }
    },
    "haskell-nix_2": {
      "locked": {
        "lastModified": 1611120169,
        "narHash": "sha256-ad4VJZBNu7OLrWT+QOnNhd8YevSXpYgZug3sFnAlk/Y=",
        "owner": "input-output-hk",
        "repo": "haskell.nix",
        "rev": "e6ba58f72fa787330ada12b31281bb1c87369cc3",
        "type": "github"
      },
      "original": {
        "owner": "input-output-hk",
        "repo": "haskell.nix",
        "type": "github"
      }
    },
    "nixpkgs": {
      "locked": {
        "lastModified": 1613208951,
        "narHash": "sha256-pxDu+9KZBnZkMcKBqSAqw1oQwTIbxTeIwcMtygLsWio=",
        "owner": "NixOS",
        "repo": "nixpkgs",
        "rev": "2118cf551b9944cfdb929b8ea03556f097dd0381",
        "type": "github"
      },
      "original": {
        "owner": "NixOS",
        "ref": "nixos-20.09",
        "repo": "nixpkgs",
        "type": "github"
      }
    },
    "nixpkgs_2": {
      "locked": {
        "lastModified": 1611413872,
        "narHash": "sha256-nD9e3f9P+YQ1qDSHdRXIAor40eqANBv1o03zGvpJsnM=",
        "owner": "NixOS",
        "repo": "nixpkgs",
        "rev": "fe08be60cb84148a3dba29cfdb090fa185cacdaa",
        "type": "github"
      },
      "original": {
        "owner": "NixOS",
        "ref": "nixos-20.09",
        "repo": "nixpkgs",
        "type": "github"
      }
    },
    "nixpkgs_3": {
      "locked": {
        "lastModified": 1613053190,
        "narHash": "sha256-2mksFALW/JFjAsO6HUSneHk0SCjoKWgSxeXgY7KptrY=",
        "owner": "NixOS",
        "repo": "nixpkgs",
        "rev": "a58a0b5098f0c2a389ee70eb69422a052982d990",
        "type": "github"
      },
      "original": {
        "owner": "NixOS",
        "ref": "nixpkgs-unstable",
        "repo": "nixpkgs",
        "type": "github"
      }
    },
    "root": {
      "inputs": {
        "cardano-addresses": "cardano-addresses",
        "cardano-node": "cardano-node",
        "nixpkgs": "nixpkgs_3"
      }
    },
    "utils": {
      "locked": {
        "lastModified": 1610051610,
        "narHash": "sha256-U9rPz/usA1/Aohhk7Cmc2gBrEEKRzcW4nwPWMPwja4Y=",
        "owner": "numtide",
        "repo": "flake-utils",
        "rev": "3982c9903e93927c2164caa727cd3f6a0e6d14cc",
        "type": "github"
      },
      "original": {
        "owner": "numtide",
        "repo": "flake-utils",
        "type": "github"
      }
    },
    "utils_2": {
      "locked": {
        "lastModified": 1610051610,
        "narHash": "sha256-U9rPz/usA1/Aohhk7Cmc2gBrEEKRzcW4nwPWMPwja4Y=",
        "owner": "numtide",
        "repo": "flake-utils",
        "rev": "3982c9903e93927c2164caa727cd3f6a0e6d14cc",
        "type": "github"
      },
      "original": {
        "owner": "numtide",
        "repo": "flake-utils",
        "type": "github"
      }
    }
  },
  "root": "root",
  "version": 7
}
