{
  "nodes": {
    "auth-keys-hub": {
      "inputs": {
        "flake-parts": [
          "cardano-parts",
          "flake-parts"
        ],
        "inclusive": "inclusive",
        "nixpkgs": [
          "cardano-parts",
          "nixpkgs"
        ],
        "treefmt-nix": [
          "cardano-parts",
          "treefmt-nix"
        ]
      },
      "locked": {
        "lastModified": 1747252629,
        "narHash": "sha256-3VbgOFf3pEo+HGB5vIPxOwe4R2M7qU+VJ+5iS4hBKqI=",
        "owner": "input-output-hk",
        "repo": "auth-keys-hub",
        "rev": "dd1d9361407457d14bab8f946d10062c487304df",
        "type": "github"
      },
      "original": {
        "owner": "input-output-hk",
        "repo": "auth-keys-hub",
        "type": "github"
      }
    },
    "blockfrost-platform-service": {
      "flake": false,
      "locked": {
        "lastModified": 1744287517,
        "narHash": "sha256-0PSDq5rT0SvvSQ3TMnc1vjhrefMlIwt1d2eO06OUrVM=",
        "owner": "blockfrost",
        "repo": "blockfrost-platform",
        "rev": "9480822973bc156cda3b1bca9e92d70fa9a1a3dc",
        "type": "github"
      },
      "original": {
        "owner": "blockfrost",
        "repo": "blockfrost-platform",
        "type": "github"
      }
    },
    "blockperf": {
      "inputs": {
        "flake-parts": "flake-parts",
        "nixpkgs": "nixpkgs"
      },
      "locked": {
        "lastModified": 1758832274,
        "narHash": "sha256-na9CqAbZKVQLgxAwyxLOi2hlbQcRln3wgo5qTlBPefo=",
        "owner": "johnalotoski",
        "repo": "blockperf",
        "rev": "80c13b6b3cb6a3a17309851659909bd246e999c8",
        "type": "github"
      },
      "original": {
        "owner": "johnalotoski",
        "ref": "jl/fix-detail",
        "repo": "blockperf",
        "type": "github"
      }
    },
    "blst": {
      "flake": false,
      "locked": {
        "lastModified": 1739372843,
        "narHash": "sha256-IlbNMLBjs/dvGogcdbWQIL+3qwy7EXJbIDpo4xBd4bY=",
        "owner": "supranational",
        "repo": "blst",
        "rev": "8c7db7fe8d2ce6e76dc398ebd4d475c0ec564355",
        "type": "github"
      },
      "original": {
        "owner": "supranational",
        "ref": "v0.3.14",
        "repo": "blst",
        "type": "github"
      }
    },
    "blst_2": {
      "flake": false,
      "locked": {
        "lastModified": 1739372843,
        "narHash": "sha256-IlbNMLBjs/dvGogcdbWQIL+3qwy7EXJbIDpo4xBd4bY=",
        "owner": "supranational",
        "repo": "blst",
        "rev": "8c7db7fe8d2ce6e76dc398ebd4d475c0ec564355",
        "type": "github"
      },
      "original": {
        "owner": "supranational",
        "ref": "v0.3.14",
        "repo": "blst",
        "type": "github"
      }
    },
    "capkgs": {
      "locked": {
        "lastModified": 1764685939,
        "narHash": "sha256-8VKSm0sP3jCx6UUtUttvOK5eFRFXvUnVbtW6kI6HleI=",
        "owner": "input-output-hk",
        "repo": "capkgs",
        "rev": "de4e3bcef13eb3dc5af12ec2e6b42c6e1401391c",
        "type": "github"
      },
      "original": {
        "owner": "input-output-hk",
        "repo": "capkgs",
        "type": "github"
      }
    },
    "cardano-db-sync-schema": {
      "flake": false,
      "locked": {
        "lastModified": 1742316958,
        "narHash": "sha256-8dADl0Y5mu8rHGADDC56KYV/kQlDFITTpgRiSTHwUc8=",
        "owner": "IntersectMBO",
        "repo": "cardano-db-sync",
        "rev": "cb61094c82254464fc9de777225e04d154d9c782",
        "type": "github"
      },
      "original": {
        "owner": "IntersectMBO",
        "ref": "13.6.0.5",
        "repo": "cardano-db-sync",
        "type": "github"
      }
    },
    "cardano-db-sync-schema-ng": {
      "flake": false,
      "locked": {
        "lastModified": 1763724366,
        "narHash": "sha256-KgpfC3r8FD5AkdQQnxZLP1+0HQPRItbn7gJSTBQFVhM=",
        "owner": "IntersectMBO",
        "repo": "cardano-db-sync",
        "rev": "4a0a11473b658a225d12269364aff62ca00ab02e",
        "type": "github"
      },
      "original": {
        "owner": "IntersectMBO",
        "ref": "13.6.0.6",
        "repo": "cardano-db-sync",
        "type": "github"
      }
    },
    "cardano-db-sync-service": {
      "flake": false,
      "locked": {
        "lastModified": 1742316958,
        "narHash": "sha256-8dADl0Y5mu8rHGADDC56KYV/kQlDFITTpgRiSTHwUc8=",
        "owner": "IntersectMBO",
        "repo": "cardano-db-sync",
        "rev": "cb61094c82254464fc9de777225e04d154d9c782",
        "type": "github"
      },
      "original": {
        "owner": "IntersectMBO",
        "ref": "13.6.0.5",
        "repo": "cardano-db-sync",
        "type": "github"
      }
    },
    "cardano-db-sync-service-ng": {
      "flake": false,
      "locked": {
        "lastModified": 1763724366,
        "narHash": "sha256-KgpfC3r8FD5AkdQQnxZLP1+0HQPRItbn7gJSTBQFVhM=",
        "owner": "IntersectMBO",
        "repo": "cardano-db-sync",
        "rev": "4a0a11473b658a225d12269364aff62ca00ab02e",
        "type": "github"
      },
      "original": {
        "owner": "IntersectMBO",
        "ref": "13.6.0.6",
        "repo": "cardano-db-sync",
        "type": "github"
      }
    },
    "cardano-metadata-service": {
      "flake": false,
      "locked": {
        "lastModified": 1701101171,
        "narHash": "sha256-v5FfQqtZ11yIjsMhm8s3OGjGBCf8tUaeIxmHOIPEvco=",
        "owner": "input-output-hk",
        "repo": "offchain-metadata-tools",
        "rev": "f406c6da1c0792648f4b8ce67bd8c1f65ea1c602",
        "type": "github"
      },
      "original": {
        "owner": "input-output-hk",
        "ref": "ops-1-0-0",
        "repo": "offchain-metadata-tools",
        "type": "github"
      }
    },
    "cardano-node-service": {
      "flake": false,
      "locked": {
        "lastModified": 1753292803,
        "narHash": "sha256-uP5B+vu/DsqknOAG9EutRSgZW5aAuMV9+NVY+tGJJCk=",
        "owner": "IntersectMBO",
        "repo": "cardano-node",
        "rev": "f11e0f303ddf3e5b8975daf72ceaa522ddb98426",
        "type": "github"
      },
      "original": {
        "owner": "IntersectMBO",
        "repo": "cardano-node",
        "rev": "f11e0f303ddf3e5b8975daf72ceaa522ddb98426",
        "type": "github"
      }
    },
    "cardano-node-service-ng": {
      "flake": false,
      "locked": {
        "lastModified": 1763122005,
        "narHash": "sha256-pm+lbEiRdQesnkaXmzn58aWlBhD29l7QHGNtJiDlzuA=",
        "owner": "IntersectMBO",
        "repo": "cardano-node",
        "rev": "f5ac0eb01b56af80e8d430828ff6000b6abb92e9",
        "type": "github"
      },
      "original": {
        "owner": "IntersectMBO",
        "ref": "10.6.0",
        "repo": "cardano-node",
        "type": "github"
      }
    },
    "cardano-ogmios-service": {
      "flake": false,
      "locked": {
        "lastModified": 1716597207,
        "narHash": "sha256-4VirdOf0nO9b0TBon3MgUxjk1PFg+6ToXE3JirDvTlk=",
        "owner": "input-output-hk",
        "repo": "cardano-ogmios",
        "rev": "2031861815ea18c543d2f7b65d4965003e26a2c9",
        "type": "github"
      },
      "original": {
        "owner": "input-output-hk",
        "ref": "ogmios-6-3-0",
        "repo": "cardano-ogmios",
        "type": "github"
      }
    },
    "cardano-parts": {
      "inputs": {
        "auth-keys-hub": "auth-keys-hub",
        "blockfrost-platform-service": "blockfrost-platform-service",
        "blockperf": "blockperf",
        "capkgs": "capkgs",
        "cardano-db-sync-schema": "cardano-db-sync-schema",
        "cardano-db-sync-schema-ng": "cardano-db-sync-schema-ng",
        "cardano-db-sync-service": "cardano-db-sync-service",
        "cardano-db-sync-service-ng": "cardano-db-sync-service-ng",
        "cardano-metadata-service": "cardano-metadata-service",
        "cardano-node-service": "cardano-node-service",
        "cardano-node-service-ng": "cardano-node-service-ng",
        "cardano-ogmios-service": "cardano-ogmios-service",
        "cardano-submit-api-service": "cardano-submit-api-service",
        "cardano-submit-api-service-ng": "cardano-submit-api-service-ng",
        "cardano-tracer-service": "cardano-tracer-service",
        "cardano-tracer-service-ng": "cardano-tracer-service-ng",
        "cardano-wallet-service": "cardano-wallet-service",
        "colmena": "colmena",
        "flake-parts": "flake-parts_2",
        "inputs-check": "inputs-check",
        "iohk-nix": "iohk-nix",
        "iohk-nix-ng": "iohk-nix-ng",
        "nix": "nix",
        "nixpkgs": "nixpkgs_5",
        "nixpkgs-unstable": "nixpkgs-unstable",
        "opentofu-registry": "opentofu-registry",
        "process-compose-flake": "process-compose-flake",
        "services-flake": "services-flake",
        "sops-nix": "sops-nix",
        "terranix": "terranix",
        "treefmt-nix": "treefmt-nix"
      },
      "locked": {
        "lastModified": 1764880269,
        "narHash": "sha256-Dvgvcji5vy1SNqM0Oq+qHVBJbqjx7sDixZPR9bfCwns=",
        "owner": "input-output-hk",
        "repo": "cardano-parts",
        "rev": "45d18305ef426c9ab53c62df7f69fa11d294cee3",
        "type": "github"
      },
      "original": {
        "owner": "input-output-hk",
        "ref": "v2025-12-04",
        "repo": "cardano-parts",
        "type": "github"
      }
    },
    "cardano-submit-api-service": {
      "flake": false,
      "locked": {
        "lastModified": 1753292803,
        "narHash": "sha256-uP5B+vu/DsqknOAG9EutRSgZW5aAuMV9+NVY+tGJJCk=",
        "owner": "IntersectMBO",
        "repo": "cardano-node",
        "rev": "f11e0f303ddf3e5b8975daf72ceaa522ddb98426",
        "type": "github"
      },
      "original": {
        "owner": "IntersectMBO",
        "repo": "cardano-node",
        "rev": "f11e0f303ddf3e5b8975daf72ceaa522ddb98426",
        "type": "github"
      }
    },
    "cardano-submit-api-service-ng": {
      "flake": false,
      "locked": {
        "lastModified": 1763122005,
        "narHash": "sha256-pm+lbEiRdQesnkaXmzn58aWlBhD29l7QHGNtJiDlzuA=",
        "owner": "IntersectMBO",
        "repo": "cardano-node",
        "rev": "f5ac0eb01b56af80e8d430828ff6000b6abb92e9",
        "type": "github"
      },
      "original": {
        "owner": "IntersectMBO",
        "ref": "10.6.0",
        "repo": "cardano-node",
        "type": "github"
      }
    },
    "cardano-tracer-service": {
      "flake": false,
      "locked": {
        "lastModified": 1753292803,
        "narHash": "sha256-uP5B+vu/DsqknOAG9EutRSgZW5aAuMV9+NVY+tGJJCk=",
        "owner": "IntersectMBO",
        "repo": "cardano-node",
        "rev": "f11e0f303ddf3e5b8975daf72ceaa522ddb98426",
        "type": "github"
      },
      "original": {
        "owner": "IntersectMBO",
        "repo": "cardano-node",
        "rev": "f11e0f303ddf3e5b8975daf72ceaa522ddb98426",
        "type": "github"
      }
    },
    "cardano-tracer-service-ng": {
      "flake": false,
      "locked": {
        "lastModified": 1763122005,
        "narHash": "sha256-pm+lbEiRdQesnkaXmzn58aWlBhD29l7QHGNtJiDlzuA=",
        "owner": "IntersectMBO",
        "repo": "cardano-node",
        "rev": "f5ac0eb01b56af80e8d430828ff6000b6abb92e9",
        "type": "github"
      },
      "original": {
        "owner": "IntersectMBO",
        "ref": "10.6.0",
        "repo": "cardano-node",
        "type": "github"
      }
    },
    "cardano-wallet-service": {
      "flake": false,
      "locked": {
        "lastModified": 1743395731,
        "narHash": "sha256-SdSIgci9IP2tmxiIs9YC/JtF4ih/Vyd7mU4G7/DesHo=",
        "owner": "cardano-foundation",
        "repo": "cardano-wallet",
        "rev": "1649791d8e9f14c8c97bd15a5687319672025652",
        "type": "github"
      },
      "original": {
        "owner": "cardano-foundation",
        "ref": "v2025-03-31",
        "repo": "cardano-wallet",
        "type": "github"
      }
    },
    "colmena": {
      "inputs": {
        "flake-compat": "flake-compat",
        "flake-utils": "flake-utils",
        "nix-github-actions": "nix-github-actions",
        "nixpkgs": [
          "cardano-parts",
          "nixpkgs"
        ],
        "stable": "stable"
      },
      "locked": {
        "lastModified": 1746816769,
        "narHash": "sha256-ymQzXrfHVT8/RJiGbfrNjEeuzXQan46lUJdxEhgivdM=",
        "owner": "zhaofengli",
        "repo": "colmena",
        "rev": "df694ee23be7ed7b2d8b42c245a640f0724eb06c",
        "type": "github"
      },
      "original": {
        "owner": "zhaofengli",
        "repo": "colmena",
        "type": "github"
      }
    },
    "flake-compat": {
      "flake": false,
      "locked": {
        "lastModified": 1650374568,
        "narHash": "sha256-Z+s0J8/r907g149rllvwhb4pKi8Wam5ij0st8PwAh+E=",
        "owner": "edolstra",
        "repo": "flake-compat",
        "rev": "b4a34015c698c7793d592d66adbab377907a2be8",
        "type": "github"
      },
      "original": {
        "owner": "edolstra",
        "repo": "flake-compat",
        "type": "github"
      }
    },
    "flake-compat_2": {
      "flake": false,
      "locked": {
        "lastModified": 1733328505,
        "narHash": "sha256-NeCCThCEP3eCl2l/+27kNNK7QrwZB1IJCrXfrbv5oqU=",
        "owner": "edolstra",
        "repo": "flake-compat",
        "rev": "ff81ac966bb2cae68946d5ed5fc4994f96d0ffec",
        "type": "github"
      },
      "original": {
        "owner": "edolstra",
        "repo": "flake-compat",
        "type": "github"
      }
    },
    "flake-parts": {
      "inputs": {
        "nixpkgs-lib": "nixpkgs-lib"
      },
      "locked": {
        "lastModified": 1704982712,
        "narHash": "sha256-2Ptt+9h8dczgle2Oo6z5ni5rt/uLMG47UFTR1ry/wgg=",
        "owner": "hercules-ci",
        "repo": "flake-parts",
        "rev": "07f6395285469419cf9d078f59b5b49993198c00",
        "type": "github"
      },
      "original": {
        "owner": "hercules-ci",
        "repo": "flake-parts",
        "type": "github"
      }
    },
    "flake-parts_2": {
      "inputs": {
        "nixpkgs-lib": "nixpkgs-lib_2"
      },
      "locked": {
        "lastModified": 1743550720,
        "narHash": "sha256-hIshGgKZCgWh6AYJpJmRgFdR3WUbkY04o82X05xqQiY=",
        "owner": "hercules-ci",
        "repo": "flake-parts",
        "rev": "c621e8422220273271f52058f618c94e405bb0f5",
        "type": "github"
      },
      "original": {
        "owner": "hercules-ci",
        "repo": "flake-parts",
        "type": "github"
      }
    },
    "flake-parts_3": {
      "inputs": {
        "nixpkgs-lib": [
          "cardano-parts",
          "nix",
          "nixpkgs"
        ]
      },
      "locked": {
        "lastModified": 1733312601,
        "narHash": "sha256-4pDvzqnegAfRkPwO3wmwBhVi/Sye1mzps0zHWYnP88c=",
        "owner": "hercules-ci",
        "repo": "flake-parts",
        "rev": "205b12d8b7cd4802fbcb8e8ef6a0f1408781a4f9",
        "type": "github"
      },
      "original": {
        "owner": "hercules-ci",
        "repo": "flake-parts",
        "type": "github"
      }
    },
    "flake-utils": {
      "locked": {
        "lastModified": 1659877975,
        "narHash": "sha256-zllb8aq3YO3h8B/U0/J1WBgAL8EX5yWf5pMj3G0NAmc=",
        "owner": "numtide",
        "repo": "flake-utils",
        "rev": "c0e246b9b83f637f4681389ecabcb2681b4f3af0",
        "type": "github"
      },
      "original": {
        "owner": "numtide",
        "repo": "flake-utils",
        "type": "github"
      }
    },
    "flake-utils_2": {
      "inputs": {
        "systems": [
          "systems"
        ]
      },
      "locked": {
        "lastModified": 1731533236,
        "narHash": "sha256-l0KFg5HjrsfsO/JpG+r7fRrqm12kzFHyUHqHCVpMMbI=",
        "owner": "numtide",
        "repo": "flake-utils",
        "rev": "11707dc2f618dd54ca8739b309ec4fc024de578b",
        "type": "github"
      },
      "original": {
        "owner": "numtide",
        "repo": "flake-utils",
        "type": "github"
      }
    },
    "git-hooks-nix": {
      "inputs": {
        "flake-compat": [
          "cardano-parts",
          "nix"
        ],
        "gitignore": [
          "cardano-parts",
          "nix"
        ],
        "nixpkgs": [
          "cardano-parts",
          "nix",
          "nixpkgs"
        ],
        "nixpkgs-stable": [
          "cardano-parts",
          "nix",
          "nixpkgs"
        ]
      },
      "locked": {
        "lastModified": 1734279981,
        "narHash": "sha256-NdaCraHPp8iYMWzdXAt5Nv6sA3MUzlCiGiR586TCwo0=",
        "owner": "cachix",
        "repo": "git-hooks.nix",
        "rev": "aa9f40c906904ebd83da78e7f328cd8aeaeae785",
        "type": "github"
      },
      "original": {
        "owner": "cachix",
        "repo": "git-hooks.nix",
        "type": "github"
      }
    },
    "inclusive": {
      "inputs": {
        "stdlib": "stdlib"
      },
      "locked": {
        "lastModified": 1628098927,
        "narHash": "sha256-Ft4sdf7VPL8MQtu18AAPiN2s5pUsbv+3RxqzJSa/yzg=",
        "owner": "input-output-hk",
        "repo": "nix-inclusive",
        "rev": "13123eb7a8c3359738a4756b8d645729e8655b27",
        "type": "github"
      },
      "original": {
        "owner": "input-output-hk",
        "repo": "nix-inclusive",
        "type": "github"
      }
    },
    "inputs-check": {
      "inputs": {
        "flake-parts": [
          "cardano-parts",
          "flake-parts"
        ],
        "nixpkgs": [
          "cardano-parts",
          "nixpkgs"
        ]
      },
      "locked": {
        "lastModified": 1741904425,
        "narHash": "sha256-s/M0Pa+4pm64BZT4nfsQMTNUZcsvvdfBhvEM5BrxaTQ=",
        "owner": "input-output-hk",
        "repo": "inputs-check",
        "rev": "54a0f366a6ab2c17a9cf3b97aa4e0b96083373e1",
        "type": "github"
      },
      "original": {
        "owner": "input-output-hk",
        "repo": "inputs-check",
        "type": "github"
      }
    },
    "iohk-nix": {
      "inputs": {
        "blst": "blst",
        "nixpkgs": "nixpkgs_2",
        "secp256k1": "secp256k1",
        "sodium": "sodium"
      },
      "locked": {
        "lastModified": 1751421193,
        "narHash": "sha256-rklXDo12dfukaSqcEyiYbze3ffRtTl2/WAAQCWfkGiw=",
        "owner": "input-output-hk",
        "repo": "iohk-nix",
        "rev": "64ca6f4c0c6db283e2ec457c775bce75173fb319",
        "type": "github"
      },
      "original": {
        "owner": "input-output-hk",
        "repo": "iohk-nix",
        "type": "github"
      }
    },
    "iohk-nix-ng": {
      "inputs": {
        "blst": "blst_2",
        "nixpkgs": "nixpkgs_3",
        "secp256k1": "secp256k1_2",
        "sodium": "sodium_2"
      },
      "locked": {
        "lastModified": 1762970280,
        "narHash": "sha256-1OZsxij29cBXBFK2NtexgBXbkt2a2sqnRq1HB8RejxE=",
        "owner": "input-output-hk",
        "repo": "iohk-nix",
        "rev": "a704b93ea51ee1a8a7e456659e0b28ddba280a95",
        "type": "github"
      },
      "original": {
        "owner": "input-output-hk",
        "repo": "iohk-nix",
        "type": "github"
      }
    },
    "nix": {
      "inputs": {
        "flake-compat": "flake-compat_2",
        "flake-parts": "flake-parts_3",
        "git-hooks-nix": "git-hooks-nix",
        "nixpkgs": "nixpkgs_4",
        "nixpkgs-23-11": "nixpkgs-23-11",
        "nixpkgs-regression": "nixpkgs-regression"
      },
      "locked": {
        "lastModified": 1751027644,
        "narHash": "sha256-f3ar0uez/+tc+PFtOTyjo7Vfa2xsLxl6K3vZt2Bs4so=",
        "owner": "nixos",
        "repo": "nix",
        "rev": "8f6c5d088ad49df471168b769ae44f4ea0b915f3",
        "type": "github"
      },
      "original": {
        "owner": "nixos",
        "ref": "2.29-maintenance",
        "repo": "nix",
        "type": "github"
      }
    },
    "nix-github-actions": {
      "inputs": {
        "nixpkgs": [
          "cardano-parts",
          "colmena",
          "nixpkgs"
        ]
      },
      "locked": {
        "lastModified": 1729742964,
        "narHash": "sha256-B4mzTcQ0FZHdpeWcpDYPERtyjJd/NIuaQ9+BV1h+MpA=",
        "owner": "nix-community",
        "repo": "nix-github-actions",
        "rev": "e04df33f62cdcf93d73e9a04142464753a16db67",
        "type": "github"
      },
      "original": {
        "owner": "nix-community",
        "repo": "nix-github-actions",
        "type": "github"
      }
    },
    "nixpkgs": {
      "locked": {
        "lastModified": 1705458851,
        "narHash": "sha256-uQvEhiv33Zj/Pv364dTvnpPwFSptRZgVedDzoM+HqVg=",
        "owner": "NixOS",
        "repo": "nixpkgs",
        "rev": "8bf65f17d8070a0a490daf5f1c784b87ee73982c",
        "type": "github"
      },
      "original": {
        "owner": "NixOS",
        "ref": "nixos-23.11",
        "repo": "nixpkgs",
        "type": "github"
      }
    },
    "nixpkgs-23-11": {
      "locked": {
        "lastModified": 1717159533,
        "narHash": "sha256-oamiKNfr2MS6yH64rUn99mIZjc45nGJlj9eGth/3Xuw=",
        "owner": "NixOS",
        "repo": "nixpkgs",
        "rev": "a62e6edd6d5e1fa0329b8653c801147986f8d446",
        "type": "github"
      },
      "original": {
        "owner": "NixOS",
        "repo": "nixpkgs",
        "rev": "a62e6edd6d5e1fa0329b8653c801147986f8d446",
        "type": "github"
      }
    },
    "nixpkgs-lib": {
      "locked": {
        "dir": "lib",
        "lastModified": 1703961334,
        "narHash": "sha256-M1mV/Cq+pgjk0rt6VxoyyD+O8cOUiai8t9Q6Yyq4noY=",
        "owner": "NixOS",
        "repo": "nixpkgs",
        "rev": "b0d36bd0a420ecee3bc916c91886caca87c894e9",
        "type": "github"
      },
      "original": {
        "dir": "lib",
        "owner": "NixOS",
        "ref": "nixos-unstable",
        "repo": "nixpkgs",
        "type": "github"
      }
    },
    "nixpkgs-lib_2": {
      "locked": {
        "lastModified": 1743296961,
        "narHash": "sha256-b1EdN3cULCqtorQ4QeWgLMrd5ZGOjLSLemfa00heasc=",
        "owner": "nix-community",
        "repo": "nixpkgs.lib",
        "rev": "e4822aea2a6d1cdd36653c134cacfd64c97ff4fa",
        "type": "github"
      },
      "original": {
        "owner": "nix-community",
        "repo": "nixpkgs.lib",
        "type": "github"
      }
    },
    "nixpkgs-regression": {
      "locked": {
        "lastModified": 1643052045,
        "narHash": "sha256-uGJ0VXIhWKGXxkeNnq4TvV3CIOkUJ3PAoLZ3HMzNVMw=",
        "owner": "NixOS",
        "repo": "nixpkgs",
        "rev": "215d4d0fd80ca5163643b03a33fde804a29cc1e2",
        "type": "github"
      },
      "original": {
        "owner": "NixOS",
        "repo": "nixpkgs",
        "rev": "215d4d0fd80ca5163643b03a33fde804a29cc1e2",
        "type": "github"
      }
    },
    "nixpkgs-unstable": {
      "locked": {
        "lastModified": 1748248602,
        "narHash": "sha256-LanRAm0IRpL36KpCKSknEwkBFvTLc9mDHKeAmfTrHwg=",
        "owner": "nixos",
        "repo": "nixpkgs",
        "rev": "ad331efcaf680eb1c838cb339472399ea7b3cdab",
        "type": "github"
      },
      "original": {
        "owner": "nixos",
        "ref": "nixpkgs-unstable",
        "repo": "nixpkgs",
        "type": "github"
      }
    },
    "nixpkgs_2": {
      "locked": {
        "lastModified": 1751071626,
        "narHash": "sha256-/uHE/AD2qGq4QLigWAnBHiVvpVXB04XAfrOtw8JMv+Y=",
        "owner": "nixos",
        "repo": "nixpkgs",
        "rev": "a47938d89bdf8e279ad432bd6a473cf4c430f48c",
        "type": "github"
      },
      "original": {
        "owner": "nixos",
        "ref": "release-25.05",
        "repo": "nixpkgs",
        "type": "github"
      }
    },
    "nixpkgs_3": {
      "locked": {
        "lastModified": 1751071626,
        "narHash": "sha256-/uHE/AD2qGq4QLigWAnBHiVvpVXB04XAfrOtw8JMv+Y=",
        "owner": "nixos",
        "repo": "nixpkgs",
        "rev": "a47938d89bdf8e279ad432bd6a473cf4c430f48c",
        "type": "github"
      },
      "original": {
        "owner": "nixos",
        "ref": "release-25.05",
        "repo": "nixpkgs",
        "type": "github"
      }
    },
    "nixpkgs_4": {
      "locked": {
        "lastModified": 1747179050,
        "narHash": "sha256-qhFMmDkeJX9KJwr5H32f1r7Prs7XbQWtO0h3V0a0rFY=",
        "owner": "NixOS",
        "repo": "nixpkgs",
        "rev": "adaa24fbf46737f3f1b5497bf64bae750f82942e",
        "type": "github"
      },
      "original": {
        "owner": "NixOS",
        "ref": "nixos-unstable",
        "repo": "nixpkgs",
        "type": "github"
      }
    },
    "nixpkgs_5": {
      "locked": {
        "lastModified": 1748162331,
        "narHash": "sha256-rqc2RKYTxP3tbjA+PB3VMRQNnjesrT0pEofXQTrMsS8=",
        "owner": "nixos",
        "repo": "nixpkgs",
        "rev": "7c43f080a7f28b2774f3b3f43234ca11661bf334",
        "type": "github"
      },
      "original": {
        "owner": "nixos",
        "ref": "nixos-25.05",
        "repo": "nixpkgs",
        "type": "github"
      }
    },
    "opentofu-registry": {
      "flake": false,
      "locked": {
        "lastModified": 1748472432,
        "narHash": "sha256-ANRP7FE1tJ5iCis7t6xUhHSAnCQyxsajDLuZBdHRAV8=",
        "owner": "opentofu",
        "repo": "registry",
        "rev": "23d891c951b0f6dfd0681f2236f6838d522b11a8",
        "type": "github"
      },
      "original": {
        "owner": "opentofu",
        "repo": "registry",
        "type": "github"
      }
    },
    "process-compose-flake": {
      "locked": {
        "lastModified": 1705650762,
        "narHash": "sha256-kSLMsz0tXc1N5Jx8ghEXhLmK4X3Bktt3S4ttXJXCzCo=",
        "owner": "Platonic-systems",
        "repo": "process-compose-flake",
        "rev": "c8942208e7c7122aef4811a606f7c12ad0753a98",
        "type": "github"
      },
      "original": {
        "owner": "Platonic-systems",
        "repo": "process-compose-flake",
        "type": "github"
      }
    },
    "root": {
      "inputs": {
        "cardano-parts": "cardano-parts",
        "flake-utils": "flake-utils_2",
        "nixpkgs": [
          "cardano-parts",
          "nixpkgs"
        ],
        "systems": "systems_2"
      }
    },
    "secp256k1": {
      "flake": false,
      "locked": {
        "lastModified": 1683999695,
        "narHash": "sha256-9nJJVENMXjXEJZzw8DHzin1DkFkF8h9m/c6PuM7Uk4s=",
        "owner": "bitcoin-core",
        "repo": "secp256k1",
        "rev": "acf5c55ae6a94e5ca847e07def40427547876101",
        "type": "github"
      },
      "original": {
        "owner": "bitcoin-core",
        "ref": "v0.3.2",
        "repo": "secp256k1",
        "type": "github"
      }
    },
    "secp256k1_2": {
      "flake": false,
      "locked": {
        "lastModified": 1683999695,
        "narHash": "sha256-9nJJVENMXjXEJZzw8DHzin1DkFkF8h9m/c6PuM7Uk4s=",
        "owner": "bitcoin-core",
        "repo": "secp256k1",
        "rev": "acf5c55ae6a94e5ca847e07def40427547876101",
        "type": "github"
      },
      "original": {
        "owner": "bitcoin-core",
        "ref": "v0.3.2",
        "repo": "secp256k1",
        "type": "github"
      }
    },
    "services-flake": {
      "locked": {
        "lastModified": 1705690208,
        "narHash": "sha256-BB2TgKi9ZwLWAfjeVIiYgUGciUcqTb9lsIaMNx6/oI4=",
        "owner": "juspay",
        "repo": "services-flake",
        "rev": "eb8361b9ab6d8f81a9dfb065cc68053839578753",
        "type": "github"
      },
      "original": {
        "owner": "juspay",
        "repo": "services-flake",
        "type": "github"
      }
    },
    "sodium": {
      "flake": false,
      "locked": {
        "lastModified": 1675156279,
        "narHash": "sha256-0uRcN5gvMwO7MCXVYnoqG/OmeBFi8qRVnDWJLnBb9+Y=",
        "owner": "input-output-hk",
        "repo": "libsodium",
        "rev": "dbb48cce5429cb6585c9034f002568964f1ce567",
        "type": "github"
      },
      "original": {
        "owner": "input-output-hk",
        "repo": "libsodium",
        "rev": "dbb48cce5429cb6585c9034f002568964f1ce567",
        "type": "github"
      }
    },
    "sodium_2": {
      "flake": false,
      "locked": {
        "lastModified": 1675156279,
        "narHash": "sha256-0uRcN5gvMwO7MCXVYnoqG/OmeBFi8qRVnDWJLnBb9+Y=",
        "owner": "input-output-hk",
        "repo": "libsodium",
        "rev": "dbb48cce5429cb6585c9034f002568964f1ce567",
        "type": "github"
      },
      "original": {
        "owner": "input-output-hk",
        "repo": "libsodium",
        "rev": "dbb48cce5429cb6585c9034f002568964f1ce567",
        "type": "github"
      }
    },
    "sops-nix": {
      "inputs": {
        "nixpkgs": [
          "cardano-parts",
          "nixpkgs"
        ]
      },
      "locked": {
        "lastModified": 1747603214,
        "narHash": "sha256-lAblXm0VwifYCJ/ILPXJwlz0qNY07DDYdLD+9H+Wc8o=",
        "owner": "Mic92",
        "repo": "sops-nix",
        "rev": "8d215e1c981be3aa37e47aeabd4e61bb069548fd",
        "type": "github"
      },
      "original": {
        "owner": "Mic92",
        "repo": "sops-nix",
        "type": "github"
      }
    },
    "stable": {
      "locked": {
        "lastModified": 1746557022,
        "narHash": "sha256-QkNoyEf6TbaTW5UZYX0OkwIJ/ZMeKSSoOMnSDPQuol0=",
        "owner": "NixOS",
        "repo": "nixpkgs",
        "rev": "1d3aeb5a193b9ff13f63f4d9cc169fb88129f860",
        "type": "github"
      },
      "original": {
        "owner": "NixOS",
        "ref": "nixos-24.11",
        "repo": "nixpkgs",
        "type": "github"
      }
    },
    "stdlib": {
      "locked": {
        "lastModified": 1590026685,
        "narHash": "sha256-E5INrVvYX/P/UpcoUFDAsuHem+lsqT+/teBs9O7oc9Q=",
        "owner": "manveru",
        "repo": "nix-lib",
        "rev": "99088cf7febcdb21afd375a335dcafa959bef3ed",
        "type": "github"
      },
      "original": {
        "owner": "manveru",
        "repo": "nix-lib",
        "type": "github"
      }
    },
    "systems": {
      "locked": {
        "lastModified": 1681028828,
        "narHash": "sha256-Vy1rq5AaRuLzOxct8nz4T6wlgyUR7zLU309k9mBC768=",
        "owner": "nix-systems",
        "repo": "default",
        "rev": "da67096a3b9bf56a91d16901293e51ba5b49a27e",
        "type": "github"
      },
      "original": {
        "owner": "nix-systems",
        "repo": "default",
        "type": "github"
      }
    },
    "systems_2": {
      "locked": {
        "lastModified": 1680978846,
        "narHash": "sha256-Gtqg8b/v49BFDpDetjclCYXm8mAnTrUzR0JnE2nv5aw=",
        "owner": "nix-systems",
        "repo": "x86_64-linux",
        "rev": "2ecfcac5e15790ba6ce360ceccddb15ad16d08a8",
        "type": "github"
      },
      "original": {
        "owner": "nix-systems",
        "repo": "x86_64-linux",
        "type": "github"
      }
    },
    "terranix": {
      "inputs": {
        "flake-parts": [
          "cardano-parts",
          "flake-parts"
        ],
        "nixpkgs": [
          "cardano-parts",
          "nixpkgs"
        ],
        "systems": "systems"
      },
      "locked": {
        "lastModified": 1747386897,
        "narHash": "sha256-mShlhcRElxiuJ7/rpd2yduqsom21wB3GuZUYIVGolEE=",
        "owner": "terranix",
        "repo": "terranix",
        "rev": "b259af31a70c734db377a5b5a8ce3bf7f2c02fe4",
        "type": "github"
      },
      "original": {
        "owner": "terranix",
        "repo": "terranix",
        "type": "github"
      }
    },
    "treefmt-nix": {
      "inputs": {
        "nixpkgs": [
          "cardano-parts",
          "nixpkgs"
        ]
      },
      "locked": {
        "lastModified": 1748243702,
        "narHash": "sha256-9YzfeN8CB6SzNPyPm2XjRRqSixDopTapaRsnTpXUEY8=",
        "owner": "numtide",
        "repo": "treefmt-nix",
        "rev": "1f3f7b784643d488ba4bf315638b2b0a4c5fb007",
        "type": "github"
      },
      "original": {
        "owner": "numtide",
        "repo": "treefmt-nix",
        "type": "github"
      }
    }
  },
  "root": "root",
  "version": 7
}
